
Microsoft Visual Studio Solution File, Format Version 12.00
# Visual Studio Version 17
VisualStudioVersion = 17.6.33829.357
MinimumVisualStudioVersion = 10.0.40219.1
Project("{9A19103F-16F7-4668-BE54-9A1E7A4F7556}") = "FoodAPI", "FoodAPI\FoodAPI.csproj", "{384BB19B-5E15-4FEC-B45A-E58EC9F73D74}"
EndProject
Global
	GlobalSection(SolutionConfigurationPlatforms) = preSolution
		Debug|Any CPU = Debug|Any CPU
		Release|Any CPU = Release|Any CPU
	EndGlobalSection
	GlobalSection(ProjectConfigurationPlatforms) = postSolution
		{384BB19B-5E15-4FEC-B45A-E58EC9F73D74}.Debug|Any CPU.ActiveCfg = Debug|Any CPU
		{384BB19B-5E15-4FEC-B45A-E58EC9F73D74}.Debug|Any CPU.Build.0 = Debug|Any CPU
		{384BB19B-5E15-4FEC-B45A-E58EC9F73D74}.Release|Any CPU.ActiveCfg = Release|Any CPU
		{384BB19B-5E15-4FEC-B45A-E58EC9F73D74}.Release|Any CPU.Build.0 = Release|Any CPU
	EndGlobalSection
	GlobalSection(SolutionProperties) = preSolution
		HideSolutionNode = FALSE
	EndGlobalSection
	GlobalSection(ExtensibilityGlobals) = postSolution
		SolutionGuid = {914A3EA2-2038-4DDC-8307-7EFE48FB63AC}
	EndGlobalSection
EndGlobal
